
Microsoft Visual Studio Solution File, Format Version 12.00
# Visual Studio Version 17
VisualStudioVersion = 17.0.31903.59
MinimumVisualStudioVersion = 10.0.40219.1
Project("{FAE04EC0-301F-11D3-BF4B-00C04F79EFBC}") = "Negative", "Negative\Negative.csproj", "{654F3257-B039-4E18-892A-1C4E10541DB0}"
EndProject
Global
	GlobalSection(SolutionConfigurationPlatforms) = preSolution
		Debug|Any CPU = Debug|Any CPU
		Release|Any CPU = Release|Any CPU
	EndGlobalSection
	GlobalSection(SolutionProperties) = preSolution
		HideSolutionNode = FALSE
	EndGlobalSection
	GlobalSection(ProjectConfigurationPlatforms) = postSolution
		{654F3257-B039-4E18-892A-1C4E10541DB0}.Debug|Any CPU.ActiveCfg = Debug|Any CPU
		{654F3257-B039-4E18-892A-1C4E10541DB0}.Debug|Any CPU.Build.0 = Debug|Any CPU
		{654F3257-B039-4E18-892A-1C4E10541DB0}.Release|Any CPU.ActiveCfg = Release|Any CPU
		{654F3257-B039-4E18-892A-1C4E10541DB0}.Release|Any CPU.Build.0 = Release|Any CPU
	EndGlobalSection
EndGlobal
