
Microsoft Visual Studio Solution File, Format Version 12.00
# Visual Studio Version 17
VisualStudioVersion = 17.0.31903.59
MinimumVisualStudioVersion = 10.0.40219.1
Project("{FAE04EC0-301F-11D3-BF4B-00C04F79EFBC}") = "ArrayAverage", "ArrayAverage\ArrayAverage.csproj", "{78C57EF3-9EFA-4203-A77A-E391641D265D}"
EndProject
Global
	GlobalSection(SolutionConfigurationPlatforms) = preSolution
		Debug|Any CPU = Debug|Any CPU
		Release|Any CPU = Release|Any CPU
	EndGlobalSection
	GlobalSection(SolutionProperties) = preSolution
		HideSolutionNode = FALSE
	EndGlobalSection
	GlobalSection(ProjectConfigurationPlatforms) = postSolution
		{78C57EF3-9EFA-4203-A77A-E391641D265D}.Debug|Any CPU.ActiveCfg = Debug|Any CPU
		{78C57EF3-9EFA-4203-A77A-E391641D265D}.Debug|Any CPU.Build.0 = Debug|Any CPU
		{78C57EF3-9EFA-4203-A77A-E391641D265D}.Release|Any CPU.ActiveCfg = Release|Any CPU
		{78C57EF3-9EFA-4203-A77A-E391641D265D}.Release|Any CPU.Build.0 = Release|Any CPU
	EndGlobalSection
EndGlobal
